PODS:
  - JLConsoleLog (1.0.0)

DEPENDENCIES:
  - JLConsoleLog (from `../JLConsoleLog`)

EXTERNAL SOURCES:
  JLConsoleLog:
    :path: "../JLConsoleLog"

SPEC CHECKSUMS:
  JLConsoleLog: 14864c1681164f9bafcfcf30f0576e84937717b9

PODFILE CHECKSUM: 81e44e7a4ce90ccacbb4f739e5eef8d4afca6952

COCOAPODS: 1.9.1
